
Microsoft Visual Studio Solution File, Format Version 11.00
# Visual Studio 2010
Project("{FAE04EC0-301F-11D3-BF4B-00C04F79EFBC}") = "ContextDiffLearningSystem", "ContextDiffLearningSystem\ContextDiffLearningSystem.csproj", "{72714818-37C0-4986-A57B-187F7B69955D}"
EndProject
Global
	GlobalSection(SolutionConfigurationPlatforms) = preSolution
		Debug|Any CPU = Debug|Any CPU
		Release|Any CPU = Release|Any CPU
	EndGlobalSection
	GlobalSection(ProjectConfigurationPlatforms) = postSolution
		{72714818-37C0-4986-A57B-187F7B69955D}.Debug|Any CPU.ActiveCfg = Debug|Any CPU
		{72714818-37C0-4986-A57B-187F7B69955D}.Debug|Any CPU.Build.0 = Debug|Any CPU
		{72714818-37C0-4986-A57B-187F7B69955D}.Release|Any CPU.ActiveCfg = Release|Any CPU
		{72714818-37C0-4986-A57B-187F7B69955D}.Release|Any CPU.Build.0 = Release|Any CPU
	EndGlobalSection
	GlobalSection(SolutionProperties) = preSolution
		HideSolutionNode = FALSE
	EndGlobalSection
EndGlobal
